# THIS IS AN AUTOGENERATED FILE. DO NOT EDIT THIS FILE DIRECTLY.
# yarn lockfile v1


"@octokit/app@^12.0.0":
  version "12.0.2"
  resolved "https://registry.yarnpkg.com/@octokit/app/-/app-12.0.2.tgz#1232d1760c2495a2d1b5e655b423757e544e0d5c"
  integrity sha512-yQNnVR7ZvElQHmuEfcI/fg3Z3waRCNV9TC1FLaO0e6AT4SEJPUrymRKWhG9ts7kUCWseVSHlxR+r/zsbIPd+9w==
  dependencies:
    "@octokit/auth-app" "^3.3.0"
    "@octokit/auth-unauthenticated" "^2.0.4"
    "@octokit/core" "^3.4.0"
    "@octokit/oauth-app" "^3.3.2"
    "@octokit/plugin-paginate-rest" "^2.13.3"
    "@octokit/types" "^6.13.0"
    "@octokit/webhooks" "^9.0.1"

"@octokit/auth-app@^3.3.0":
  version "3.4.0"
  resolved "https://registry.yarnpkg.com/@octokit/auth-app/-/auth-app-3.4.0.tgz#af9f68512e7b8dd071b49e1470a1ddf88ff6a3a3"
  integrity sha512-zBVgTnLJb0uoNMGCpcDkkAbPeavHX7oAjJkaDv2nqMmsXSsCw4AbUhjl99EtJQG/JqFY/kLFHM9330Wn0k70+g==
  dependencies:
    "@octokit/auth-oauth-app" "^4.1.0"
    "@octokit/auth-oauth-user" "^1.2.3"
    "@octokit/request" "^5.4.11"
    "@octokit/request-error" "^2.0.0"
    "@octokit/types" "^6.0.3"
    "@types/lru-cache" "^5.1.0"
    deprecation "^2.3.1"
    lru-cache "^6.0.0"
    universal-github-app-jwt "^1.0.1"
    universal-user-agent "^6.0.0"

"@octokit/auth-oauth-app@^4.0.0", "@octokit/auth-oauth-app@^4.1.0":
  version "4.2.0"
  resolved "https://registry.yarnpkg.com/@octokit/auth-oauth-app/-/auth-oauth-app-4.2.0.tgz#1a003252f0382dcc25cfa8b13182d853a38b177a"
  integrity sha512-JVsI9vmcIBGgAqBMTTK+iz/aGXRzlROBmn4d6ilVDSQKMqGy6FMTyn+kXVtagvXqYX66QUsWEDrpluw8ttDJig==
  dependencies:
    "@octokit/auth-oauth-device" "^3.1.1"
    "@octokit/auth-oauth-user" "^1.2.1"
    "@octokit/request" "^5.3.0"
    "@octokit/types" "^6.0.3"
    "@types/btoa-lite" "^1.0.0"
    btoa-lite "^1.0.0"
    universal-user-agent "^6.0.0"

"@octokit/auth-oauth-device@^3.1.1":
  version "3.1.2"
  resolved "https://registry.yarnpkg.com/@octokit/auth-oauth-device/-/auth-oauth-device-3.1.2.tgz#d299f51f491669f37fe7af8738f5ac921e63973c"
  integrity sha512-w7Po4Ck6N2aAn2VQyKLuojruiyKROTBv4qs6IwE5rbwF7HhBXXp4A/NKmkpoFIZkiXQtM+N8QtkSck4ApYWdGg==
  dependencies:
    "@octokit/oauth-methods" "^1.1.0"
    "@octokit/request" "^5.4.14"
    "@octokit/types" "^6.10.0"
    universal-user-agent "^6.0.0"

"@octokit/auth-oauth-user@^1.2.1", "@octokit/auth-oauth-user@^1.2.3":
  version "1.2.4"
  resolved "https://registry.yarnpkg.com/@octokit/auth-oauth-user/-/auth-oauth-user-1.2.4.tgz#3594eb7d40cb462240e7e90849781dfa0045aed5"
  integrity sha512-efOajupCZBP1veqx5w59Qey0lIud1rDUgxTRjjkQDU3eOBmkAasY1pXemDsQwW0I85jb1P/gn2dMejedVxf9kw==
  dependencies:
    "@octokit/auth-oauth-device" "^3.1.1"
    "@octokit/oauth-methods" "^1.1.0"
    "@octokit/request" "^5.4.14"
    "@octokit/types" "^6.12.2"
    btoa-lite "^1.0.0"
    universal-user-agent "^6.0.0"

"@octokit/auth-token@^2.4.4":
  version "2.4.5"
  resolved "https://registry.yarnpkg.com/@octokit/auth-token/-/auth-token-2.4.5.tgz#568ccfb8cb46f36441fac094ce34f7a875b197f3"
  integrity sha512-BpGYsPgJt05M7/L/5FoE1PiAbdxXFZkX/3kDYcsvd1v6UhlnE5e96dTDr0ezX/EFwciQxf3cNV0loipsURU+WA==
  dependencies:
    "@octokit/types" "^6.0.3"

"@octokit/auth-unauthenticated@^2.0.0", "@octokit/auth-unauthenticated@^2.0.4":
  version "2.0.4"
  resolved "https://registry.yarnpkg.com/@octokit/auth-unauthenticated/-/auth-unauthenticated-2.0.4.tgz#c84f98e0ca4b20e0f950eef5cc61d83384509c2c"
  integrity sha512-jZMwIz2PfQuLcOQRRELY6zb/jIyWQKlPxVV1oEG4sxJNmnANz3Skvnz4kVNvfs1r2jhgKAx9Pb6f+3vXeyh7yg==
  dependencies:
    "@octokit/request-error" "^2.0.2"
    "@octokit/types" "^6.0.3"

"@octokit/core@^3.2.3", "@octokit/core@^3.3.1", "@octokit/core@^3.3.2", "@octokit/core@^3.4.0":
  version "3.4.0"
  resolved "https://registry.yarnpkg.com/@octokit/core/-/core-3.4.0.tgz#b48aa27d755b339fe7550548b340dcc2b513b742"
  integrity sha512-6/vlKPP8NF17cgYXqucdshWqmMZGXkuvtcrWCgU5NOI0Pl2GjlmZyWgBMrU8zJ3v2MJlM6++CiB45VKYmhiWWg==
  dependencies:
    "@octokit/auth-token" "^2.4.4"
    "@octokit/graphql" "^4.5.8"
    "@octokit/request" "^5.4.12"
    "@octokit/request-error" "^2.0.5"
    "@octokit/types" "^6.0.3"
    before-after-hook "^2.2.0"
    universal-user-agent "^6.0.0"

"@octokit/endpoint@^6.0.1":
  version "6.0.11"
  resolved "https://registry.yarnpkg.com/@octokit/endpoint/-/endpoint-6.0.11.tgz#082adc2aebca6dcefa1fb383f5efb3ed081949d1"
  integrity sha512-fUIPpx+pZyoLW4GCs3yMnlj2LfoXTWDUVPTC4V3MUEKZm48W+XYpeWSZCv+vYF1ZABUm2CqnDVf1sFtIYrj7KQ==
  dependencies:
    "@octokit/types" "^6.0.3"
    is-plain-object "^5.0.0"
    universal-user-agent "^6.0.0"

"@octokit/graphql@^4.5.8":
  version "4.6.2"
  resolved "https://registry.yarnpkg.com/@octokit/graphql/-/graphql-4.6.2.tgz#ec44abdfa87f2b9233282136ae33e4ba446a04e7"
  integrity sha512-WmsIR1OzOr/3IqfG9JIczI8gMJUMzzyx5j0XXQ4YihHtKlQc+u35VpVoOXhlKAlaBntvry1WpAzPl/a+s3n89Q==
  dependencies:
    "@octokit/request" "^5.3.0"
    "@octokit/types" "^6.0.3"
    universal-user-agent "^6.0.0"

"@octokit/oauth-app@^3.3.0", "@octokit/oauth-app@^3.3.2":
  version "3.3.2"
  resolved "https://registry.yarnpkg.com/@octokit/oauth-app/-/oauth-app-3.3.2.tgz#f8c2687afee6b6657095d1db7f5e194e4d75751d"
  integrity sha512-vZPleCS65Sq2fXQYWt1JmTqrNUdsmdvmgr4rmZhxKaX/Fc6xExtNCBmksAbSMY9q3uFBv76BuvNWGKFNpXy5Tw==
  dependencies:
    "@octokit/auth-oauth-app" "^4.0.0"
    "@octokit/auth-oauth-user" "^1.2.3"
    "@octokit/auth-unauthenticated" "^2.0.0"
    "@octokit/core" "^3.3.2"
    "@octokit/oauth-authorization-url" "^4.2.1"
    "@octokit/oauth-methods" "^1.2.2"
    fromentries "^1.3.1"
    universal-user-agent "^6.0.0"

"@octokit/oauth-authorization-url@^4.2.1", "@octokit/oauth-authorization-url@^4.3.1":
  version "4.3.1"
  resolved "https://registry.yarnpkg.com/@octokit/oauth-authorization-url/-/oauth-authorization-url-4.3.1.tgz#008d09bf427a7f61c70b5283040d60a456011a51"
  integrity sha512-sI/SOEAvzRhqdzj+kJl+2ifblRve2XU6ZB36Lq25Su8R31zE3GoKToSLh64nWFnKePNi2RrdcMm94UEIQZslOw==

"@octokit/oauth-methods@^1.1.0", "@octokit/oauth-methods@^1.2.2":
  version "1.2.3"
  resolved "https://registry.yarnpkg.com/@octokit/oauth-methods/-/oauth-methods-1.2.3.tgz#0b332422ad3ea63e0011a7b4fb912cff5327c8e7"
  integrity sha512-Lyta6i7vK9SrzE+Dybw465pSZPe9+vAh3fPA5BvXq+aVEY6wOd0Skczwz/bcPn8TEXzY6A3Tgywr2myLOW5muA==
  dependencies:
    "@octokit/oauth-authorization-url" "^4.3.1"
    "@octokit/request" "^5.4.14"
    "@octokit/request-error" "^2.0.5"
    "@octokit/types" "^6.12.2"
    btoa-lite "^1.0.0"

"@octokit/openapi-types@^7.2.3":
  version "7.2.3"
  resolved "https://registry.yarnpkg.com/@octokit/openapi-types/-/openapi-types-7.2.3.tgz#a7105796db9b85d25d3feba9a1785a124c7803e4"
  integrity sha512-V1ycxkR19jqbIl3evf2RQiMRBvTNRi+Iy9h20G5OP5dPfEF6GJ1DPlUeiZRxo2HJxRr+UA4i0H1nn4btBDPFrw==

"@octokit/plugin-paginate-rest@^2.13.3", "@octokit/plugin-paginate-rest@^2.6.2":
  version "2.13.3"
  resolved "https://registry.yarnpkg.com/@octokit/plugin-paginate-rest/-/plugin-paginate-rest-2.13.3.tgz#f0f1792230805108762d87906fb02d573b9e070a"
  integrity sha512-46lptzM9lTeSmIBt/sVP/FLSTPGx6DCzAdSX3PfeJ3mTf4h9sGC26WpaQzMEq/Z44cOcmx8VsOhO+uEgE3cjYg==
  dependencies:
    "@octokit/types" "^6.11.0"

"@octokit/plugin-request-log@^1.0.2":
  version "1.0.3"
  resolved "https://registry.yarnpkg.com/@octokit/plugin-request-log/-/plugin-request-log-1.0.3.tgz#70a62be213e1edc04bb8897ee48c311482f9700d"
  integrity sha512-4RFU4li238jMJAzLgAwkBAw+4Loile5haQMQr+uhFq27BmyJXcXSKvoQKqh0agsZEiUlW6iSv3FAgvmGkur7OQ==

"@octokit/plugin-rest-endpoint-methods@5.3.1", "@octokit/plugin-rest-endpoint-methods@^5.0.0":
  version "5.3.1"
  resolved "https://registry.yarnpkg.com/@octokit/plugin-rest-endpoint-methods/-/plugin-rest-endpoint-methods-5.3.1.tgz#deddce769b4ec3179170709ab42e4e9e6195aaa9"
  integrity sha512-3B2iguGmkh6bQQaVOtCsS0gixrz8Lg0v4JuXPqBcFqLKuJtxAUf3K88RxMEf/naDOI73spD+goJ/o7Ie7Cvdjg==
  dependencies:
    "@octokit/types" "^6.16.2"
    deprecation "^2.3.1"

"@octokit/plugin-retry@^3.0.7":
  version "3.0.7"
  resolved "https://registry.yarnpkg.com/@octokit/plugin-retry/-/plugin-retry-3.0.7.tgz#174516f2b80b7140aee71ebc2b506db2c5c1d3d6"
  integrity sha512-n08BPfVeKj5wnyH7IaOWnuKbx+e9rSJkhDHMJWXLPv61625uWjsN8G7sAW3zWm9n9vnS4friE7LL/XLcyGeG8Q==
  dependencies:
    "@octokit/types" "^6.0.3"
    bottleneck "^2.15.3"

"@octokit/plugin-throttling@^3.4.1":
  version "3.4.1"
  resolved "https://registry.yarnpkg.com/@octokit/plugin-throttling/-/plugin-throttling-3.4.1.tgz#586aaa01ea653019380b137872c6256b0e2f2e5d"
  integrity sha512-qCQ+Z4AnL9OrXvV59EH3GzPxsB+WyqufoCjiCJXJxTbnt3W+leXbXw5vHrMp4NG9ltw00McFWIxIxNQAzLNoTA==
  dependencies:
    "@octokit/types" "^6.0.1"
    bottleneck "^2.15.3"

"@octokit/request-error@^2.0.0", "@octokit/request-error@^2.0.2", "@octokit/request-error@^2.0.5":
  version "2.0.5"
  resolved "https://registry.yarnpkg.com/@octokit/request-error/-/request-error-2.0.5.tgz#72cc91edc870281ad583a42619256b380c600143"
  integrity sha512-T/2wcCFyM7SkXzNoyVNWjyVlUwBvW3igM3Btr/eKYiPmucXTtkxt2RBsf6gn3LTzaLSLTQtNmvg+dGsOxQrjZg==
  dependencies:
    "@octokit/types" "^6.0.3"
    deprecation "^2.0.0"
    once "^1.4.0"

"@octokit/request@^5.3.0", "@octokit/request@^5.4.11", "@octokit/request@^5.4.12", "@octokit/request@^5.4.14":
  version "5.4.15"
  resolved "https://registry.yarnpkg.com/@octokit/request/-/request-5.4.15.tgz#829da413dc7dd3aa5e2cdbb1c7d0ebe1f146a128"
  integrity sha512-6UnZfZzLwNhdLRreOtTkT9n57ZwulCve8q3IT/Z477vThu6snfdkBuhxnChpOKNGxcQ71ow561Qoa6uqLdPtag==
  dependencies:
    "@octokit/endpoint" "^6.0.1"
    "@octokit/request-error" "^2.0.0"
    "@octokit/types" "^6.7.1"
    is-plain-object "^5.0.0"
    node-fetch "^2.6.1"
    universal-user-agent "^6.0.0"

"@octokit/rest@^18.5.5":
  version "18.5.5"
  resolved "https://registry.yarnpkg.com/@octokit/rest/-/rest-18.5.5.tgz#5a930736767ce4ac960b8b964c453432adf3d0a8"
  integrity sha512-Py9sWvxBGeAwNY8UnhxP6jnq7aflvQ0uQ6gmZObyJLR9hmd5NEz9piu/A77cxV6+0l9UNACJVXX6FOnl5LIcPw==
  dependencies:
    "@octokit/core" "^3.2.3"
    "@octokit/plugin-paginate-rest" "^2.6.2"
    "@octokit/plugin-request-log" "^1.0.2"
    "@octokit/plugin-rest-endpoint-methods" "5.3.1"

"@octokit/types@^6.0.1", "@octokit/types@^6.0.3", "@octokit/types@^6.10.0", "@octokit/types@^6.11.0", "@octokit/types@^6.12.2", "@octokit/types@^6.13.0", "@octokit/types@^6.16.2", "@octokit/types@^6.7.1":
  version "6.16.2"
  resolved "https://registry.yarnpkg.com/@octokit/types/-/types-6.16.2.tgz#62242e0565a3eb99ca2fd376283fe78b4ea057b4"
  integrity sha512-wWPSynU4oLy3i4KGyk+J1BLwRKyoeW2TwRHgwbDz17WtVFzSK2GOErGliruIx8c+MaYtHSYTx36DSmLNoNbtgA==
  dependencies:
    "@octokit/openapi-types" "^7.2.3"

"@octokit/webhooks-methods@^1.0.0":
  version "1.0.0"
  resolved "https://registry.yarnpkg.com/@octokit/webhooks-methods/-/webhooks-methods-1.0.0.tgz#274799138725c89a3466e3af2026afe755f28c4b"
  integrity sha512-pVceMQcj9SZ5p2RkemL0TuuPdGULNQj9F3Pq1cNM1xH+Kst1VNt0dj3PEGZRZV473njrDnYdi/OG4wWY9TLbbA==

"@octokit/webhooks-types@3.75.2":
  version "3.75.2"
  resolved "https://registry.yarnpkg.com/@octokit/webhooks-types/-/webhooks-types-3.75.2.tgz#43a502d1ab4cd7ba6f17e0b57d7d79a5190ca6fc"
  integrity sha512-e51GBHuWbQIpH0POeGtabdM5U4ZPjD7YN3Ck39bLFbSh6/cEDY2dHgPCbRKtx0nBkXtZ0UkL4TwMMRc0F2Mbwg==

"@octokit/webhooks@^9.0.1":
  version "9.6.3"
  resolved "https://registry.yarnpkg.com/@octokit/webhooks/-/webhooks-9.6.3.tgz#ba064bfa8c12f49befebe17d3656922db8d862a3"
  integrity sha512-XD939+X9QutUT/h+nqLLb7sGmIVHm8YqzQFbJQVTyXwb1NeGTv5KqUu65lu3qFjDFB4KHlR7idx1JQ3digutxA==
  dependencies:
    "@octokit/request-error" "^2.0.2"
    "@octokit/webhooks-methods" "^1.0.0"
    "@octokit/webhooks-types" "3.75.2"
    aggregate-error "^3.1.0"

"@types/btoa-lite@^1.0.0":
  version "1.0.0"
  resolved "https://registry.yarnpkg.com/@types/btoa-lite/-/btoa-lite-1.0.0.tgz#e190a5a548e0b348adb0df9ac7fa5f1151c7cca4"
  integrity sha512-wJsiX1tosQ+J5+bY5LrSahHxr2wT+uME5UDwdN1kg4frt40euqA+wzECkmq4t5QbveHiJepfdThgQrPw6KiSlg==

"@types/jsonwebtoken@^8.3.3":
  version "8.5.1"
  resolved "https://registry.yarnpkg.com/@types/jsonwebtoken/-/jsonwebtoken-8.5.1.tgz#56958cb2d80f6d74352bd2e501a018e2506a8a84"
  integrity sha512-rNAPdomlIUX0i0cg2+I+Q1wOUr531zHBQ+cV/28PJ39bSPKjahatZZ2LMuhiguETkCgLVzfruw/ZvNMNkKoSzw==
  dependencies:
    "@types/node" "*"

"@types/lru-cache@^5.1.0":
  version "5.1.0"
  resolved "https://registry.yarnpkg.com/@types/lru-cache/-/lru-cache-5.1.0.tgz#57f228f2b80c046b4a1bd5cac031f81f207f4f03"
  integrity sha512-RaE0B+14ToE4l6UqdarKPnXwVDuigfFv+5j9Dze/Nqr23yyuqdNvzcZi3xB+3Agvi5R4EOgAksfv3lXX4vBt9w==

"@types/node@*":
  version "15.6.1"
  resolved "https://registry.yarnpkg.com/@types/node/-/node-15.6.1.tgz#32d43390d5c62c5b6ec486a9bc9c59544de39a08"
  integrity sha512-7EIraBEyRHEe7CH+Fm1XvgqU6uwZN8Q7jppJGcqjROMT29qhAuuOxYB1uEY5UMYQKEmA5D+5tBnhdaPXSsLONA==

aggregate-error@^3.1.0:
  version "3.1.0"
  resolved "https://registry.yarnpkg.com/aggregate-error/-/aggregate-error-3.1.0.tgz#92670ff50f5359bdb7a3e0d40d0ec30c5737687a"
  integrity sha512-4I7Td01quW/RpocfNayFdFVk1qSuoh0E7JrbRJ16nH01HhKFQ88INq9Sd+nd72zqRySlr9BmDA8xlEJ6vJMrYA==
  dependencies:
    clean-stack "^2.0.0"
    indent-string "^4.0.0"

argparse@^2.0.1:
  version "2.0.1"
  resolved "https://registry.yarnpkg.com/argparse/-/argparse-2.0.1.tgz#246f50f3ca78a3240f6c997e8a9bd1eac49e4b38"
  integrity sha512-8+9WqebbFzpX9OR+Wa6O29asIogeRMzcGtAINdpMHHyAg10f05aSFVBbcEqGf/PXw1EjAZ+q2/bEBg3DvurK3Q==

balanced-match@^1.0.0:
  version "1.0.2"
  resolved "https://registry.yarnpkg.com/balanced-match/-/balanced-match-1.0.2.tgz#e83e3a7e3f300b34cb9d87f615fa0cbf357690ee"
  integrity sha512-3oSeUO0TMV67hN1AmbXsK4yaqU7tjiHlbxRDZOpH0KW9+CeX4bRAaX0Anxt0tx2MrpRpWwQaPwIlISEJhYU5Pw==

before-after-hook@^2.2.0:
  version "2.2.1"
  resolved "https://registry.yarnpkg.com/before-after-hook/-/before-after-hook-2.2.1.tgz#73540563558687586b52ed217dad6a802ab1549c"
  integrity sha512-/6FKxSTWoJdbsLDF8tdIjaRiFXiE6UHsEHE3OPI/cwPURCVi1ukP0gmLn7XWEiFk5TcwQjjY5PWsU+j+tgXgmw==

bottleneck@^2.15.3:
  version "2.19.5"
  resolved "https://registry.yarnpkg.com/bottleneck/-/bottleneck-2.19.5.tgz#5df0b90f59fd47656ebe63c78a98419205cadd91"
  integrity sha512-VHiNCbI1lKdl44tGrhNfU3lup0Tj/ZBMJB5/2ZbNXRCPuRCO7ed2mgcK4r17y+KB2EfuYuRaVlwNbAeaWGSpbw==

brace-expansion@^1.1.7:
  version "1.1.11"
  resolved "https://registry.yarnpkg.com/brace-expansion/-/brace-expansion-1.1.11.tgz#3c7fcbf529d87226f3d2f52b966ff5271eb441dd"
  integrity sha512-iCuPHDFgrHX7H2vEI/5xpz07zSHB00TpugqhmYtVmMO6518mCuRMoOYFldEBl0g187ufozdaHgWKcYFb61qGiA==
  dependencies:
    balanced-match "^1.0.0"
    concat-map "0.0.1"

btoa-lite@^1.0.0:
  version "1.0.0"
  resolved "https://registry.yarnpkg.com/btoa-lite/-/btoa-lite-1.0.0.tgz#337766da15801210fdd956c22e9c6891ab9d0337"
  integrity sha1-M3dm2hWAEhD92VbCLpxokaudAzc=

buffer-equal-constant-time@1.0.1:
  version "1.0.1"
  resolved "https://registry.yarnpkg.com/buffer-equal-constant-time/-/buffer-equal-constant-time-1.0.1.tgz#f8e71132f7ffe6e01a5c9697a4c6f3e48d5cc819"
  integrity sha1-+OcRMvf/5uAaXJaXpMbz5I1cyBk=

clean-stack@^2.0.0:
  version "2.2.0"
  resolved "https://registry.yarnpkg.com/clean-stack/-/clean-stack-2.2.0.tgz#ee8472dbb129e727b31e8a10a427dee9dfe4008b"
  integrity sha512-4diC9HaTE+KRAMWhDhrGOECgWZxoevMc5TlkObMqNSsVU62PYzXZ/SMTjzyGAFF1YusgxGcSWTEXBhp0CPwQ1A==

concat-map@0.0.1:
  version "0.0.1"
  resolved "https://registry.yarnpkg.com/concat-map/-/concat-map-0.0.1.tgz#d8a96bd77fd68df7793a73036a3ba0d5405d477b"
  integrity sha1-2Klr13/Wjfd5OnMDajug1UBdR3s=

deprecation@^2.0.0, deprecation@^2.3.1:
  version "2.3.1"
  resolved "https://registry.yarnpkg.com/deprecation/-/deprecation-2.3.1.tgz#6368cbdb40abf3373b525ac87e4a260c3a700919"
  integrity sha512-xmHIy4F3scKVwMsQ4WnVaS8bHOx0DmVwRywosKhaILI0ywMDWPtBSku2HNxRvF7jtwDRsoEwYQSfbxj8b7RlJQ==

ecdsa-sig-formatter@1.0.11:
  version "1.0.11"
  resolved "https://registry.yarnpkg.com/ecdsa-sig-formatter/-/ecdsa-sig-formatter-1.0.11.tgz#ae0f0fa2d85045ef14a817daa3ce9acd0489e5bf"
  integrity sha512-nagl3RYrbNv6kQkeJIpt6NJZy8twLB/2vtz6yN9Z4vRKHN4/QZJIEbqohALSgwKdnksuY3k5Addp5lg8sVoVcQ==
  dependencies:
    safe-buffer "^5.0.1"

fromentries@^1.3.1:
  version "1.3.2"
  resolved "https://registry.yarnpkg.com/fromentries/-/fromentries-1.3.2.tgz#e4bca6808816bf8f93b52750f1127f5a6fd86e3a"
  integrity sha512-cHEpEQHUg0f8XdtZCc2ZAhrHzKzT0MrFUTcvx+hfxYu7rGMDc5SKoXFh+n4YigxsHXRzc6OrCshdR1bWH6HHyg==

fs.realpath@^1.0.0:
  version "1.0.0"
  resolved "https://registry.yarnpkg.com/fs.realpath/-/fs.realpath-1.0.0.tgz#1504ad2523158caa40db4a2787cb01411994ea4f"
  integrity sha1-FQStJSMVjKpA20onh8sBQRmU6k8=

glob@^7.1.6, glob@^7.1.7:
  version "7.1.7"
  resolved "https://registry.yarnpkg.com/glob/-/glob-7.1.7.tgz#3b193e9233f01d42d0b3f78294bbeeb418f94a90"
  integrity sha512-OvD9ENzPLbegENnYP5UUfJIirTg4+XwMWGaQfQTY0JenxNvvIKP3U3/tAQSPIu/lHxXYSZmpXlUHeqAIdKzBLQ==
  dependencies:
    fs.realpath "^1.0.0"
    inflight "^1.0.4"
    inherits "2"
    minimatch "^3.0.4"
    once "^1.3.0"
    path-is-absolute "^1.0.0"

indent-string@^4.0.0:
  version "4.0.0"
  resolved "https://registry.yarnpkg.com/indent-string/-/indent-string-4.0.0.tgz#624f8f4497d619b2d9768531d58f4122854d7251"
  integrity sha512-EdDDZu4A2OyIK7Lr/2zG+w5jmbuk1DVBnEwREQvBzspBJkCEbRa8GxU1lghYcaGJCnRWibjDXlq779X1/y5xwg==

inflight@^1.0.4:
  version "1.0.6"
  resolved "https://registry.yarnpkg.com/inflight/-/inflight-1.0.6.tgz#49bd6331d7d02d0c09bc910a1075ba8165b56df9"
  integrity sha1-Sb1jMdfQLQwJvJEKEHW6gWW1bfk=
  dependencies:
    once "^1.3.0"
    wrappy "1"

inherits@2:
  version "2.0.4"
  resolved "https://registry.yarnpkg.com/inherits/-/inherits-2.0.4.tgz#0fa2c64f932917c3433a0ded55363aae37416b7c"
  integrity sha512-k/vGaX4/Yla3WzyMCvTQOXYeIHvqOKtnqBduzTHpzpQZzAskKMhZ2K+EnBiSM9zGSoIFeMpXKxa4dYeZIQqewQ==

is-plain-object@^5.0.0:
  version "5.0.0"
  resolved "https://registry.yarnpkg.com/is-plain-object/-/is-plain-object-5.0.0.tgz#4427f50ab3429e9025ea7d52e9043a9ef4159344"
  integrity sha512-VRSzKkbMm5jMDoKLbltAkFQ5Qr7VDiTFGXxYFXXowVj387GeGNOCsOH6Msy00SGZ3Fp84b1Naa1psqgcCIEP5Q==

jasmine-core@~3.7.0:
  version "3.7.1"
  resolved "https://registry.yarnpkg.com/jasmine-core/-/jasmine-core-3.7.1.tgz#0401327f6249eac993d47bbfa18d4e8efacfb561"
  integrity sha512-DH3oYDS/AUvvr22+xUBW62m1Xoy7tUlY1tsxKEJvl5JeJ7q8zd1K5bUwiOxdH+erj6l2vAMM3hV25Xs9/WrmuQ==

jasmine@^3.6.1:
  version "3.7.0"
  resolved "https://registry.yarnpkg.com/jasmine/-/jasmine-3.7.0.tgz#d36638c0c815e6ad5666676e386d79e2ccb70835"
  integrity sha512-wlzGQ+cIFzMEsI+wDqmOwvnjTvolLFwlcpYLCqSPPH0prOQaW3P+IzMhHYn934l1imNvw07oCyX+vGUv3wmtSQ==
  dependencies:
    glob "^7.1.6"
    jasmine-core "~3.7.0"

js-yaml@^4.1.0:
  version "4.1.0"
  resolved "https://registry.yarnpkg.com/js-yaml/-/js-yaml-4.1.0.tgz#c1fb65f8f5017901cdd2c951864ba18458a10602"
  integrity sha512-wpxZs9NoxZaJESJGIZTyDEaYpl0FKSA+FB9aJiyemKhMwkxQg63h4T1KJgUGHpTqPDNRcmmYLugrRjJlBtWvRA==
  dependencies:
    argparse "^2.0.1"

jsonwebtoken@^8.5.1:
  version "8.5.1"
  resolved "https://registry.yarnpkg.com/jsonwebtoken/-/jsonwebtoken-8.5.1.tgz#00e71e0b8df54c2121a1f26137df2280673bcc0d"
  integrity sha512-XjwVfRS6jTMsqYs0EsuJ4LGxXV14zQybNd4L2r0UvbVnSF9Af8x7p5MzbJ90Ioz/9TI41/hTCvznF/loiSzn8w==
  dependencies:
    jws "^3.2.2"
    lodash.includes "^4.3.0"
    lodash.isboolean "^3.0.3"
    lodash.isinteger "^4.0.4"
    lodash.isnumber "^3.0.3"
    lodash.isplainobject "^4.0.6"
    lodash.isstring "^4.0.1"
    lodash.once "^4.0.0"
    ms "^2.1.1"
    semver "^5.6.0"

jwa@^1.4.1:
  version "1.4.1"
  resolved "https://registry.yarnpkg.com/jwa/-/jwa-1.4.1.tgz#743c32985cb9e98655530d53641b66c8645b039a"
  integrity sha512-qiLX/xhEEFKUAJ6FiBMbes3w9ATzyk5W7Hvzpa/SLYdxNtng+gcurvrI7TbACjIXlsJyr05/S1oUhZrc63evQA==
  dependencies:
    buffer-equal-constant-time "1.0.1"
    ecdsa-sig-formatter "1.0.11"
    safe-buffer "^5.0.1"

jws@^3.2.2:
  version "3.2.2"
  resolved "https://registry.yarnpkg.com/jws/-/jws-3.2.2.tgz#001099f3639468c9414000e99995fa52fb478304"
  integrity sha512-YHlZCB6lMTllWDtSPHz/ZXTsi8S00usEV6v1tjq8tOUZzw7DpSDWVXjXDre6ed1w/pd495ODpHZYSdkRTsa0HA==
  dependencies:
    jwa "^1.4.1"
    safe-buffer "^5.0.1"

lodash.includes@^4.3.0:
  version "4.3.0"
  resolved "https://registry.yarnpkg.com/lodash.includes/-/lodash.includes-4.3.0.tgz#60bb98a87cb923c68ca1e51325483314849f553f"
  integrity sha1-YLuYqHy5I8aMoeUTJUgzFISfVT8=

lodash.isboolean@^3.0.3:
  version "3.0.3"
  resolved "https://registry.yarnpkg.com/lodash.isboolean/-/lodash.isboolean-3.0.3.tgz#6c2e171db2a257cd96802fd43b01b20d5f5870f6"
  integrity sha1-bC4XHbKiV82WgC/UOwGyDV9YcPY=

lodash.isinteger@^4.0.4:
  version "4.0.4"
  resolved "https://registry.yarnpkg.com/lodash.isinteger/-/lodash.isinteger-4.0.4.tgz#619c0af3d03f8b04c31f5882840b77b11cd68343"
  integrity sha1-YZwK89A/iwTDH1iChAt3sRzWg0M=

lodash.isnumber@^3.0.3:
  version "3.0.3"
  resolved "https://registry.yarnpkg.com/lodash.isnumber/-/lodash.isnumber-3.0.3.tgz#3ce76810c5928d03352301ac287317f11c0b1ffc"
  integrity sha1-POdoEMWSjQM1IwGsKHMX8RwLH/w=

lodash.isplainobject@^4.0.6:
  version "4.0.6"
  resolved "https://registry.yarnpkg.com/lodash.isplainobject/-/lodash.isplainobject-4.0.6.tgz#7c526a52d89b45c45cc690b88163be0497f550cb"
  integrity sha1-fFJqUtibRcRcxpC4gWO+BJf1UMs=

lodash.isstring@^4.0.1:
  version "4.0.1"
  resolved "https://registry.yarnpkg.com/lodash.isstring/-/lodash.isstring-4.0.1.tgz#d527dfb5456eca7cc9bb95d5daeaf88ba54a5451"
  integrity sha1-1SfftUVuynzJu5XV2ur4i6VKVFE=

lodash.once@^4.0.0:
  version "4.1.1"
  resolved "https://registry.yarnpkg.com/lodash.once/-/lodash.once-4.1.1.tgz#0dd3971213c7c56df880977d504c88fb471a97ac"
  integrity sha1-DdOXEhPHxW34gJd9UEyI+0cal6w=

lru-cache@^6.0.0:
  version "6.0.0"
  resolved "https://registry.yarnpkg.com/lru-cache/-/lru-cache-6.0.0.tgz#6d6fe6570ebd96aaf90fcad1dafa3b2566db3a94"
  integrity sha512-Jo6dJ04CmSjuznwJSS3pUeWmd/H0ffTlkXXgwZi+eq1UCmqQwCh+eLsYOYCwY991i2Fah4h1BEMCx4qThGbsiA==
  dependencies:
    yallist "^4.0.0"

minimatch@^3.0.4:
  version "3.0.4"
  resolved "https://registry.yarnpkg.com/minimatch/-/minimatch-3.0.4.tgz#5166e286457f03306064be5497e8dbb0c3d32083"
  integrity sha512-yJHVQEhyqPLUTgt9B83PXu6W3rx4MvvHvSUvToogpwoGDOUQ+yDrR0HRot+yOCdCO7u4hX3pWft6kWBBcqh0UA==
  dependencies:
    brace-expansion "^1.1.7"

ms@^2.1.1:
  version "2.1.3"
  resolved "https://registry.yarnpkg.com/ms/-/ms-2.1.3.tgz#574c8138ce1d2b5861f0b44579dbadd60c6615b2"
  integrity sha512-6FlzubTLZG3J2a/NVCAleEhjzq5oxgHyaCU9yYXvcLsvoVaHJq/s5xXI6/XXP6tz7R9xAOtHnSO/tXtF3WRTlA==

node-fetch@^2.6.1:
  version "2.6.1"
  resolved "https://registry.yarnpkg.com/node-fetch/-/node-fetch-2.6.1.tgz#045bd323631f76ed2e2b55573394416b639a0052"
  integrity sha512-V4aYg89jEoVRxRb2fJdAg8FHvI7cEyYdVAh94HH0UIK8oJxUfkjlDQN9RbMx+bEjP7+ggMiFRprSti032Oipxw==

octokit@^1.0.5:
  version "1.0.5"
  resolved "https://registry.yarnpkg.com/octokit/-/octokit-1.0.5.tgz#139013c04a7925d18d86fc4cfb78e1dce1830c89"
  integrity sha512-0WoxK9D+M3gdB/aWbE0VyOTRamyKKZ2wBAWQ7u4hTsdn5RszI1g8lmGqUv+k4b7/pN90lPR6aGGia7GF0XF7/g==
  dependencies:
    "@octokit/app" "^12.0.0"
    "@octokit/core" "^3.3.1"
    "@octokit/oauth-app" "^3.3.0"
    "@octokit/plugin-paginate-rest" "^2.13.3"
    "@octokit/plugin-rest-endpoint-methods" "^5.0.0"
    "@octokit/plugin-retry" "^3.0.7"
    "@octokit/plugin-throttling" "^3.4.1"
    "@octokit/types" "^6.13.0"

once@^1.3.0, once@^1.4.0:
  version "1.4.0"
  resolved "https://registry.yarnpkg.com/once/-/once-1.4.0.tgz#583b1aa775961d4b113ac17d9c50baef9dd76bd1"
  integrity sha1-WDsap3WWHUsROsF9nFC6753Xa9E=
  dependencies:
    wrappy "1"

path-is-absolute@^1.0.0:
  version "1.0.1"
  resolved "https://registry.yarnpkg.com/path-is-absolute/-/path-is-absolute-1.0.1.tgz#174b9268735534ffbc7ace6bf53a5a9e1b5c5f5f"
  integrity sha1-F0uSaHNVNP+8es5r9TpanhtcX18=

safe-buffer@^5.0.1:
  version "5.2.1"
  resolved "https://registry.yarnpkg.com/safe-buffer/-/safe-buffer-5.2.1.tgz#1eaf9fa9bdb1fdd4ec75f58f9cdb4e6b7827eec6"
  integrity sha512-rp3So07KcdmmKbGvgaNxQSJr7bGVSVk5S9Eq1F+ppbRo70+YeaDxkw5Dd8NPN+GD6bjnYm2VuPuCXmpuYvmCXQ==

semver@^5.6.0:
  version "5.7.1"
  resolved "https://registry.yarnpkg.com/semver/-/semver-5.7.1.tgz#a954f931aeba508d307bbf069eff0c01c96116f7"
  integrity sha512-sauaDf/PZdVgrLTNYHRtpXa1iRiKcaebiKQ1BJdpQlWH2lCvexQdX55snPFyK7QzpudqbCI0qXFfOasHdyNDGQ==

universal-github-app-jwt@^1.0.1:
  version "1.1.0"
  resolved "https://registry.yarnpkg.com/universal-github-app-jwt/-/universal-github-app-jwt-1.1.0.tgz#0abaa876101cdf1d3e4c546be2768841c0c1b514"
  integrity sha512-3b+ocAjjz4JTyqaOT+NNBd5BtTuvJTxWElIoeHSVelUV9J3Jp7avmQTdLKCaoqi/5Ox2o/q+VK19TJ233rVXVQ==
  dependencies:
    "@types/jsonwebtoken" "^8.3.3"
    jsonwebtoken "^8.5.1"

universal-user-agent@^6.0.0:
  version "6.0.0"
  resolved "https://registry.yarnpkg.com/universal-user-agent/-/universal-user-agent-6.0.0.tgz#3381f8503b251c0d9cd21bc1de939ec9df5480ee"
  integrity sha512-isyNax3wXoKaulPDZWHQqbmIx1k2tb9fb3GGDBRxCscfYV2Ch7WxPArBsFEG8s/safwXTT7H4QGhaIkTp9447w==

wrappy@1:
  version "1.0.2"
  resolved "https://registry.yarnpkg.com/wrappy/-/wrappy-1.0.2.tgz#b5243d8f3ec1aa35f1364605bc0d1036e30ab69f"
  integrity sha1-tSQ9jz7BqjXxNkYFvA0QNuMKtp8=

yallist@^4.0.0:
  version "4.0.0"
  resolved "https://registry.yarnpkg.com/yallist/-/yallist-4.0.0.tgz#9bb92790d9c0effec63be73519e11a35019a3a72"
  integrity sha512-3wdGidZyq5PB084XLES5TpOSRA3wjXAlIWMhum2kRcv/41Sn2emQ0dycQW4uZXLejwKvg6EsvbdlVL+FYEct7A==
